{
  "name": "ionic-basic-1950748",
  "lockfileVersion": 2,
  "requires": true,
  "packages": {
    "": {
      "dependencies": {
        "@capacitor/filesystem": "^5.1.4"
      }
    },
    "node_modules/@capacitor/core": {
      "version": "5.5.1",
      "resolved": "https://registry.npmjs.org/@capacitor/core/-/core-5.5.1.tgz",
      "integrity": "sha512-VG6Iv8Q7ZAbvjodxpvjcSe0jfxUwZXnvjbi93ehuJ6eYP8U926qLSXyrT/DToZq+F6v/HyGyVgn3mrE/9jW2Tg==",
      "peer": true,
      "dependencies": {
        "tslib": "^2.1.0"
      }
    },
    "node_modules/@capacitor/filesystem": {
      "version": "5.1.4",
      "resolved": "https://registry.npmjs.org/@capacitor/filesystem/-/filesystem-5.1.4.tgz",
      "integrity": "sha512-10EM1KvFMs+pTzxkcflspzxBWcX9sOnS9nTP5Afjr5hn4OxLrwTFySw2Z12Uv6jdN4OnhY3jXtDKXPljXvXILg==",
      "peerDependencies": {
        "@capacitor/core": "^5.1.1"
      }
    },
    "node_modules/tslib": {
      "version": "2.6.2",
      "resolved": "https://registry.npmjs.org/tslib/-/tslib-2.6.2.tgz",
      "integrity": "sha512-AEYxH93jGFPn/a2iVAwW87VuUIkR1FVUKB77NwMF7nBTDkDrrT/Hpt/IrCJ0QXhW27jTBDcf5ZY7w6RiqTMw2Q==",
      "peer": true
    }
  },
  "dependencies": {
    "@capacitor/core": {
      "version": "5.5.1",
      "resolved": "https://registry.npmjs.org/@capacitor/core/-/core-5.5.1.tgz",
      "integrity": "sha512-VG6Iv8Q7ZAbvjodxpvjcSe0jfxUwZXnvjbi93ehuJ6eYP8U926qLSXyrT/DToZq+F6v/HyGyVgn3mrE/9jW2Tg==",
      "peer": true,
      "requires": {
        "tslib": "^2.1.0"
      }
    },
    "@capacitor/filesystem": {
      "version": "5.1.4",
      "resolved": "https://registry.npmjs.org/@capacitor/filesystem/-/filesystem-5.1.4.tgz",
      "integrity": "sha512-10EM1KvFMs+pTzxkcflspzxBWcX9sOnS9nTP5Afjr5hn4OxLrwTFySw2Z12Uv6jdN4OnhY3jXtDKXPljXvXILg==",
      "requires": {}
    },
    "tslib": {
      "version": "2.6.2",
      "resolved": "https://registry.npmjs.org/tslib/-/tslib-2.6.2.tgz",
      "integrity": "sha512-AEYxH93jGFPn/a2iVAwW87VuUIkR1FVUKB77NwMF7nBTDkDrrT/Hpt/IrCJ0QXhW27jTBDcf5ZY7w6RiqTMw2Q==",
      "peer": true
    }
  }
}
